
Microsoft Visual Studio Solution File, Format Version 12.00
# Visual Studio 15
VisualStudioVersion = 15.0.28307.329
MinimumVisualStudioVersion = 10.0.40219.1
Project("{FAE04EC0-301F-11D3-BF4B-00C04F79EFBC}") = "ConsoleUI", "ConsoleUI\ConsoleUI.csproj", "{C36A1414-81F5-4A35-B3AB-39D1153B79B2}"
EndProject
Project("{FAE04EC0-301F-11D3-BF4B-00C04F79EFBC}") = "EventHandler", "EventHandler\EventHandler.csproj", "{8334F1CE-FBBE-4B8F-8243-EE9ED3828CE9}"
EndProject
Project("{2150E333-8FDC-42A3-9474-1A3956D46DE8}") = "Solution Items", "Solution Items", "{45E6EB34-4509-4E5A-9586-8C8AFD9B2181}"
	ProjectSection(SolutionItems) = preProject
		README.md = README.md
	EndProjectSection
EndProject
Global
	GlobalSection(SolutionConfigurationPlatforms) = preSolution
		Debug|Any CPU = Debug|Any CPU
		Release|Any CPU = Release|Any CPU
	EndGlobalSection
	GlobalSection(ProjectConfigurationPlatforms) = postSolution
		{C36A1414-81F5-4A35-B3AB-39D1153B79B2}.Debug|Any CPU.ActiveCfg = Debug|Any CPU
		{C36A1414-81F5-4A35-B3AB-39D1153B79B2}.Debug|Any CPU.Build.0 = Debug|Any CPU
		{C36A1414-81F5-4A35-B3AB-39D1153B79B2}.Release|Any CPU.ActiveCfg = Release|Any CPU
		{C36A1414-81F5-4A35-B3AB-39D1153B79B2}.Release|Any CPU.Build.0 = Release|Any CPU
		{8334F1CE-FBBE-4B8F-8243-EE9ED3828CE9}.Debug|Any CPU.ActiveCfg = Debug|Any CPU
		{8334F1CE-FBBE-4B8F-8243-EE9ED3828CE9}.Debug|Any CPU.Build.0 = Debug|Any CPU
		{8334F1CE-FBBE-4B8F-8243-EE9ED3828CE9}.Release|Any CPU.ActiveCfg = Release|Any CPU
		{8334F1CE-FBBE-4B8F-8243-EE9ED3828CE9}.Release|Any CPU.Build.0 = Release|Any CPU
	EndGlobalSection
	GlobalSection(SolutionProperties) = preSolution
		HideSolutionNode = FALSE
	EndGlobalSection
	GlobalSection(ExtensibilityGlobals) = postSolution
		SolutionGuid = {2D83B8E3-C081-4592-96EF-0D743A00982C}
	EndGlobalSection
EndGlobal
